
Microsoft Visual Studio Solution File, Format Version 12.00
# Visual Studio Version 17
VisualStudioVersion = 17.9.34701.34
MinimumVisualStudioVersion = 10.0.40219.1
Project("{FAE04EC0-301F-11D3-BF4B-00C04F79EFBC}") = "LunaStore.Domain", "LunaStore.Domain\LunaStore.Domain.csproj", "{5AF4C295-9632-43CE-9B67-CAFE75F1ADF2}"
EndProject
Project("{FAE04EC0-301F-11D3-BF4B-00C04F79EFBC}") = "LunaStore.Application", "LunaStore.Application\LunaStore.Application.csproj", "{F85382A7-C58C-484F-AE89-5AC59AAEFB65}"
EndProject
Project("{FAE04EC0-301F-11D3-BF4B-00C04F79EFBC}") = "LunaStore.Infra.Data", "LunaStore.Infra.Data\LunaStore.Infra.Data.csproj", "{B31A4BFC-5B8E-4B86-9B76-2FC17DA89273}"
EndProject
Project("{FAE04EC0-301F-11D3-BF4B-00C04F79EFBC}") = "LunaStore.Infra.IoC", "LunaStore.Infra.IoC\LunaStore.Infra.IoC.csproj", "{75AFAFE0-C6A2-490D-9875-6BA4DB445390}"
EndProject
Project("{FAE04EC0-301F-11D3-BF4B-00C04F79EFBC}") = "LunaStore.WebUI", "LunaStore.WebUI\LunaStore.WebUI.csproj", "{C203FC16-8DDC-4946-A369-B8C611897205}"
EndProject
Project("{FAE04EC0-301F-11D3-BF4B-00C04F79EFBC}") = "LunaStore.Domain.Test", "LunaStore.Domain.Test\LunaStore.Domain.Test.csproj", "{DAC1497E-1ABE-4D55-9288-BE5EDF9FEE3F}"
EndProject
Global
	GlobalSection(SolutionConfigurationPlatforms) = preSolution
		Debug|Any CPU = Debug|Any CPU
		Release|Any CPU = Release|Any CPU
	EndGlobalSection
	GlobalSection(ProjectConfigurationPlatforms) = postSolution
		{5AF4C295-9632-43CE-9B67-CAFE75F1ADF2}.Debug|Any CPU.ActiveCfg = Debug|Any CPU
		{5AF4C295-9632-43CE-9B67-CAFE75F1ADF2}.Debug|Any CPU.Build.0 = Debug|Any CPU
		{5AF4C295-9632-43CE-9B67-CAFE75F1ADF2}.Release|Any CPU.ActiveCfg = Release|Any CPU
		{5AF4C295-9632-43CE-9B67-CAFE75F1ADF2}.Release|Any CPU.Build.0 = Release|Any CPU
		{F85382A7-C58C-484F-AE89-5AC59AAEFB65}.Debug|Any CPU.ActiveCfg = Debug|Any CPU
		{F85382A7-C58C-484F-AE89-5AC59AAEFB65}.Debug|Any CPU.Build.0 = Debug|Any CPU
		{F85382A7-C58C-484F-AE89-5AC59AAEFB65}.Release|Any CPU.ActiveCfg = Release|Any CPU
		{F85382A7-C58C-484F-AE89-5AC59AAEFB65}.Release|Any CPU.Build.0 = Release|Any CPU
		{B31A4BFC-5B8E-4B86-9B76-2FC17DA89273}.Debug|Any CPU.ActiveCfg = Debug|Any CPU
		{B31A4BFC-5B8E-4B86-9B76-2FC17DA89273}.Debug|Any CPU.Build.0 = Debug|Any CPU
		{B31A4BFC-5B8E-4B86-9B76-2FC17DA89273}.Release|Any CPU.ActiveCfg = Release|Any CPU
		{B31A4BFC-5B8E-4B86-9B76-2FC17DA89273}.Release|Any CPU.Build.0 = Release|Any CPU
		{75AFAFE0-C6A2-490D-9875-6BA4DB445390}.Debug|Any CPU.ActiveCfg = Debug|Any CPU
		{75AFAFE0-C6A2-490D-9875-6BA4DB445390}.Debug|Any CPU.Build.0 = Debug|Any CPU
		{75AFAFE0-C6A2-490D-9875-6BA4DB445390}.Release|Any CPU.ActiveCfg = Release|Any CPU
		{75AFAFE0-C6A2-490D-9875-6BA4DB445390}.Release|Any CPU.Build.0 = Release|Any CPU
		{C203FC16-8DDC-4946-A369-B8C611897205}.Debug|Any CPU.ActiveCfg = Debug|Any CPU
		{C203FC16-8DDC-4946-A369-B8C611897205}.Debug|Any CPU.Build.0 = Debug|Any CPU
		{C203FC16-8DDC-4946-A369-B8C611897205}.Release|Any CPU.ActiveCfg = Release|Any CPU
		{C203FC16-8DDC-4946-A369-B8C611897205}.Release|Any CPU.Build.0 = Release|Any CPU
		{DAC1497E-1ABE-4D55-9288-BE5EDF9FEE3F}.Debug|Any CPU.ActiveCfg = Debug|Any CPU
		{DAC1497E-1ABE-4D55-9288-BE5EDF9FEE3F}.Debug|Any CPU.Build.0 = Debug|Any CPU
		{DAC1497E-1ABE-4D55-9288-BE5EDF9FEE3F}.Release|Any CPU.ActiveCfg = Release|Any CPU
		{DAC1497E-1ABE-4D55-9288-BE5EDF9FEE3F}.Release|Any CPU.Build.0 = Release|Any CPU
	EndGlobalSection
	GlobalSection(SolutionProperties) = preSolution
		HideSolutionNode = FALSE
	EndGlobalSection
	GlobalSection(ExtensibilityGlobals) = postSolution
		SolutionGuid = {77AFE146-BCC5-4908-829F-B0EBA37D8A92}
	EndGlobalSection
EndGlobal
